{
  "requires": true,
  "lockfileVersion": 1,
  "dependencies": {
    "@types/node": {
      "version": "14.0.27",
      "resolved": "https://registry.npmjs.org/@types/node/-/node-14.0.27.tgz",
      "integrity": "sha512-kVrqXhbclHNHGu9ztnAwSncIgJv/FaxmzXJvGXNdcCpV1b8u1/Mi6z6m0vwy0LzKeXFTPLH0NzwmoJ3fNCIq0g=="
    },
    "@types/ssh2": {
      "version": "0.5.44",
      "resolved": "https://registry.npmjs.org/@types/ssh2/-/ssh2-0.5.44.tgz",
      "integrity": "sha512-2aKqF0no055Zs8E6eaUtgDJv9yw1ViR7GLkWhuMIMnSPIU46vJJviEFZZtEqGxZEnrPpYxvOPPpWzwll/a4YwQ==",
      "requires": {
        "@types/node": "*",
        "@types/ssh2-streams": "*"
      }
    },
    "@types/ssh2-streams": {
      "version": "0.1.7",
      "resolved": "https://registry.npmjs.org/@types/ssh2-streams/-/ssh2-streams-0.1.7.tgz",
      "integrity": "sha512-cQNV72C+BOG7G8WNGarTQdB2Ii37cJlWatSpx5zTYxtI2ZvUt2lbq6Nc2XZ4kbge28V7Xe5KYYr82d96/rDMnQ==",
      "requires": {
        "@types/node": "*"
      }
    }
  }
}
